
Microsoft Visual Studio Solution File, Format Version 12.00
# Visual Studio Version 16
VisualStudioVersion = 25.0.1706.4
MinimumVisualStudioVersion = 10.0.40219.1
Project("{FAE04EC0-301F-11D3-BF4B-00C04F79EFBC}") = "WakeyWakey", "WakeyWakey\WakeyWakey.csproj", "{9F5D2971-ABE6-428E-B350-B2B4731C0667}"
EndProject
Global
	GlobalSection(SolutionConfigurationPlatforms) = preSolution
		Debug|Any CPU = Debug|Any CPU
		Release|Any CPU = Release|Any CPU
	EndGlobalSection
	GlobalSection(ProjectConfigurationPlatforms) = postSolution
		{9F5D2971-ABE6-428E-B350-B2B4731C0667}.Debug|Any CPU.ActiveCfg = Debug|Any CPU
		{9F5D2971-ABE6-428E-B350-B2B4731C0667}.Debug|Any CPU.Build.0 = Debug|Any CPU
		{9F5D2971-ABE6-428E-B350-B2B4731C0667}.Release|Any CPU.ActiveCfg = Release|Any CPU
		{9F5D2971-ABE6-428E-B350-B2B4731C0667}.Release|Any CPU.Build.0 = Release|Any CPU
	EndGlobalSection
	GlobalSection(SolutionProperties) = preSolution
		HideSolutionNode = FALSE
	EndGlobalSection
	GlobalSection(ExtensibilityGlobals) = postSolution
		SolutionGuid = {33218F38-AE8D-4160-B7EF-BC431854F08A}
	EndGlobalSection
EndGlobal
